// !$*UTF8*$!
{
	archiveVersion = 1;
	classes = {
	};
	objectVersion = 50;
	objects = {

/* Begin PBXBuildFile section */
		3AA3C3FF21CEBD430047C453 /* AppDelegate.swift in Sources */ = {isa = PBXBuildFile; fileRef = 3AA3C3FE21CEBD430047C453 /* AppDelegate.swift */; };
		3AA3C40121CEBD430047C453 /* ViewController.swift in Sources */ = {isa = PBXBuildFile; fileRef = 3AA3C40021CEBD430047C453 /* ViewController.swift */; };
		3AA3C40421CEBD430047C453 /* Main.storyboard in Resources */ = {isa = PBXBuildFile; fileRef = 3AA3C40221CEBD430047C453 /* Main.storyboard */; };
		3AA3C40721CEBD430047C453 /* Genome_Calculator.xcdatamodeld in Sources */ = {isa = PBXBuildFile; fileRef = 3AA3C40521CEBD430047C453 /* Genome_Calculator.xcdatamodeld */; };
		3AA3C40921CEBD450047C453 /* Assets.xcassets in Resources */ = {isa = PBXBuildFile; fileRef = 3AA3C40821CEBD450047C453 /* Assets.xcassets */; };
		3AA3C40C21CEBD450047C453 /* LaunchScreen.storyboard in Resources */ = {isa = PBXBuildFile; fileRef = 3AA3C40A21CEBD450047C453 /* LaunchScreen.storyboard */; };
		3AA3C41421CEBD8B0047C453 /* AddVC.swift in Sources */ = {isa = PBXBuildFile; fileRef = 3AA3C41321CEBD8B0047C453 /* AddVC.swift */; };
		3AA3C41621CEBDAD0047C453 /* InputVC.swift in Sources */ = {isa = PBXBuildFile; fileRef = 3AA3C41521CEBDAD0047C453 /* InputVC.swift */; };
		3AA3C41821CEBDD60047C453 /* Sources.swift in Sources */ = {isa = PBXBuildFile; fileRef = 3AA3C41721CEBDD60047C453 /* Sources.swift */; };
		3AC51DF6222824B1008C943E /* README.md in Resources */ = {isa = PBXBuildFile; fileRef = 3AC51DF5222824B1008C943E /* README.md */; };
		3AE7BA8721DEA100009BCD31 /* EditVC.swift in Sources */ = {isa = PBXBuildFile; fileRef = 3AE7BA8621DEA100009BCD31 /* EditVC.swift */; };
		3AF3D972224638B600A067C3 /* InputVCCell.swift in Sources */ = {isa = PBXBuildFile; fileRef = 3AF3D971224638B600A067C3 /* InputVCCell.swift */; };
/* End PBXBuildFile section */

/* Begin PBXFileReference section */
		3AA3C3FB21CEBD430047C453 /* Genome Calculator.app */ = {isa = PBXFileReference; explicitFileType = wrapper.application; includeInIndex = 0; path = "Genome Calculator.app"; sourceTree = BUILT_PRODUCTS_DIR; };
		3AA3C3FE21CEBD430047C453 /* AppDelegate.swift */ = {isa = PBXFileReference; lastKnownFileType = sourcecode.swift; path = AppDelegate.swift; sourceTree = "<group>"; };
		3AA3C40021CEBD430047C453 /* ViewController.swift */ = {isa = PBXFileReference; lastKnownFileType = sourcecode.swift; path = ViewController.swift; sourceTree = "<group>"; };
		3AA3C40321CEBD430047C453 /* Base */ = {isa = PBXFileReference; lastKnownFileType = file.storyboard; name = Base; path = Base.lproj/Main.storyboard; sourceTree = "<group>"; };
		3AA3C40621CEBD430047C453 /* Genome_Calculator.xcdatamodel */ = {isa = PBXFileReference; lastKnownFileType = wrapper.xcdatamodel; path = Genome_Calculator.xcdatamodel; sourceTree = "<group>"; };
		3AA3C40821CEBD450047C453 /* Assets.xcassets */ = {isa = PBXFileReference; lastKnownFileType = folder.assetcatalog; path = Assets.xcassets; sourceTree = "<group>"; };
		3AA3C40B21CEBD450047C453 /* Base */ = {isa = PBXFileReference; lastKnownFileType = file.storyboard; name = Base; path = Base.lproj/LaunchScreen.storyboard; sourceTree = "<group>"; };
		3AA3C40D21CEBD450047C453 /* Info.plist */ = {isa = PBXFileReference; lastKnownFileType = text.plist.xml; path = Info.plist; sourceTree = "<group>"; };
		3AA3C41321CEBD8B0047C453 /* AddVC.swift */ = {isa = PBXFileReference; lastKnownFileType = sourcecode.swift; path = AddVC.swift; sourceTree = "<group>"; };
		3AA3C41521CEBDAD0047C453 /* InputVC.swift */ = {isa = PBXFileReference; lastKnownFileType = sourcecode.swift; path = InputVC.swift; sourceTree = "<group>"; };
		3AA3C41721CEBDD60047C453 /* Sources.swift */ = {isa = PBXFileReference; lastKnownFileType = sourcecode.swift; path = Sources.swift; sourceTree = "<group>"; };
		3AC51DF5222824B1008C943E /* README.md */ = {isa = PBXFileReference; lastKnownFileType = net.daringfireball.markdown; path = README.md; sourceTree = "<group>"; };
		3AE7BA8621DEA100009BCD31 /* EditVC.swift */ = {isa = PBXFileReference; lastKnownFileType = sourcecode.swift; path = EditVC.swift; sourceTree = "<group>"; };
		3AF3D971224638B600A067C3 /* InputVCCell.swift */ = {isa = PBXFileReference; lastKnownFileType = sourcecode.swift; path = InputVCCell.swift; sourceTree = "<group>"; };
/* End PBXFileReference section */

/* Begin PBXFrameworksBuildPhase section */
		3AA3C3F821CEBD430047C453 /* Frameworks */ = {
			isa = PBXFrameworksBuildPhase;
			buildActionMask = 2147483647;
			files = (
			);
			runOnlyForDeploymentPostprocessing = 0;
		};
/* End PBXFrameworksBuildPhase section */

/* Begin PBXGroup section */
		3A0DD151225261AB009CB423 /* Storyboards */ = {
			isa = PBXGroup;
			children = (
				3AA3C40221CEBD430047C453 /* Main.storyboard */,
				3AA3C40A21CEBD450047C453 /* LaunchScreen.storyboard */,
			);
			path = Storyboards;
			sourceTree = "<group>";
		};
		3AA3C3F221CEBD430047C453 = {
			isa = PBXGroup;
			children = (
				3AA3C3FD21CEBD430047C453 /* Genome Calculator */,
				3AA3C3FC21CEBD430047C453 /* Products */,
				3AC51DF5222824B1008C943E /* README.md */,
			);
			sourceTree = "<group>";
		};
		3AA3C3FC21CEBD430047C453 /* Products */ = {
			isa = PBXGroup;
			children = (
				3AA3C3FB21CEBD430047C453 /* Genome Calculator.app */,
			);
			name = Products;
			sourceTree = "<group>";
		};
		3AA3C3FD21CEBD430047C453 /* Genome Calculator */ = {
			isa = PBXGroup;
			children = (
				3AA3C3FE21CEBD430047C453 /* AppDelegate.swift */,
				3AF3D97B224642BE00A067C3 /* View Controllers */,
				3AA3C41721CEBDD60047C453 /* Sources.swift */,
				3A0DD151225261AB009CB423 /* Storyboards */,
				3AA3C40821CEBD450047C453 /* Assets.xcassets */,
				3AA3C40D21CEBD450047C453 /* Info.plist */,
				3AA3C40521CEBD430047C453 /* Genome_Calculator.xcdatamodeld */,
			);
			path = "Genome Calculator";
			sourceTree = "<group>";
		};
		3ABF1C83224A8F6300881B17 /* Cells */ = {
			isa = PBXGroup;
			children = (
				3AF3D971224638B600A067C3 /* InputVCCell.swift */,
			);
			path = Cells;
			sourceTree = "<group>";
		};
		3AF3D97B224642BE00A067C3 /* View Controllers */ = {
			isa = PBXGroup;
			children = (
				3AA3C40021CEBD430047C453 /* ViewController.swift */,
				3AA3C41321CEBD8B0047C453 /* AddVC.swift */,
				3AA3C41521CEBDAD0047C453 /* InputVC.swift */,
				3AE7BA8621DEA100009BCD31 /* EditVC.swift */,
				3ABF1C83224A8F6300881B17 /* Cells */,
			);
			path = "View Controllers";
			sourceTree = "<group>";
		};
/* End PBXGroup section */

/* Begin PBXNativeTarget section */
		3AA3C3FA21CEBD430047C453 /* Genome Calculator */ = {
			isa = PBXNativeTarget;
			buildConfigurationList = 3AA3C41021CEBD450047C453 /* Build configuration list for PBXNativeTarget "Genome Calculator" */;
			buildPhases = (
				3AA3C3F721CEBD430047C453 /* Sources */,
				3AA3C3F821CEBD430047C453 /* Frameworks */,
				3AA3C3F921CEBD430047C453 /* Resources */,
			);
			buildRules = (
			);
			dependencies = (
			);
			name = "Genome Calculator";
			productName = "Genome Calculator";
			productReference = 3AA3C3FB21CEBD430047C453 /* Genome Calculator.app */;
			productType = "com.apple.product-type.application";
		};
/* End PBXNativeTarget section */

/* Begin PBXProject section */
		3AA3C3F321CEBD430047C453 /* Project object */ = {
			isa = PBXProject;
			attributes = {
				LastSwiftUpdateCheck = 1010;
				LastUpgradeCheck = 1010;
				ORGANIZATIONNAME = "Can Balkaya";
				TargetAttributes = {
					3AA3C3FA21CEBD430047C453 = {
						CreatedOnToolsVersion = 10.1;
					};
				};
			};
			buildConfigurationList = 3AA3C3F621CEBD430047C453 /* Build configuration list for PBXProject "Genome Calculator" */;
			compatibilityVersion = "Xcode 9.3";
			developmentRegion = en;
			hasScannedForEncodings = 0;
			knownRegions = (
				en,
				Base,
			);
			mainGroup = 3AA3C3F221CEBD430047C453;
			productRefGroup = 3AA3C3FC21CEBD430047C453 /* Products */;
			projectDirPath = "";
			projectRoot = "";
			targets = (
				3AA3C3FA21CEBD430047C453 /* Genome Calculator */,
			);
		};
/* End PBXProject section */

/* Begin PBXResourcesBuildPhase section */
		3AA3C3F921CEBD430047C453 /* Resources */ = {
			isa = PBXResourcesBuildPhase;
			buildActionMask = 2147483647;
			files = (
				3AA3C40C21CEBD450047C453 /* LaunchScreen.storyboard in Resources */,
				3AA3C40921CEBD450047C453 /* Assets.xcassets in Resources */,
				3AC51DF6222824B1008C943E /* README.md in Resources */,
				3AA3C40421CEBD430047C453 /* Main.storyboard in Resources */,
			);
			runOnlyForDeploymentPostprocessing = 0;
		};
/* End PBXResourcesBuildPhase section */

/* Begin PBXSourcesBuildPhase section */
		3AA3C3F721CEBD430047C453 /* Sources */ = {
			isa = PBXSourcesBuildPhase;
			buildActionMask = 2147483647;
			files = (
				3AA3C41821CEBDD60047C453 /* Sources.swift in Sources */,
				3AA3C41621CEBDAD0047C453 /* InputVC.swift in Sources */,
				3AA3C41421CEBD8B0047C453 /* AddVC.swift in Sources */,
				3AA3C40121CEBD430047C453 /* ViewController.swift in Sources */,
				3AA3C3FF21CEBD430047C453 /* AppDelegate.swift in Sources */,
				3AF3D972224638B600A067C3 /* InputVCCell.swift in Sources */,
				3AA3C40721CEBD430047C453 /* Genome_Calculator.xcdatamodeld in Sources */,
				3AE7BA8721DEA100009BCD31 /* EditVC.swift in Sources */,
			);
			runOnlyForDeploymentPostprocessing = 0;
		};
/* End PBXSourcesBuildPhase section */

/* Begin PBXVariantGroup section */
		3AA3C40221CEBD430047C453 /* Main.storyboard */ = {
			isa = PBXVariantGroup;
			children = (
				3AA3C40321CEBD430047C453 /* Base */,
			);
			name = Main.storyboard;
			sourceTree = "<group>";
		};
		3AA3C40A21CEBD450047C453 /* LaunchScreen.storyboard */ = {
			isa = PBXVariantGroup;
			children = (
				3AA3C40B21CEBD450047C453 /* Base */,
			);
			name = LaunchScreen.storyboard;
			sourceTree = "<group>";
		};
/* End PBXVariantGroup section */

/* Begin XCBuildConfiguration section */
		3AA3C40E21CEBD450047C453 /* Debug */ = {
			isa = XCBuildConfiguration;
			buildSettings = {
				ALWAYS_SEARCH_USER_PATHS = NO;
				CLANG_ANALYZER_NONNULL = YES;
				CLANG_ANALYZER_NUMBER_OBJECT_CONVERSION = YES_AGGRESSIVE;
				CLANG_CXX_LANGUAGE_STANDARD = "gnu++14";
				CLANG_CXX_LIBRARY = "libc++";
				CLANG_ENABLE_MODULES = YES;
				CLANG_ENABLE_OBJC_ARC = YES;
				CLANG_ENABLE_OBJC_WEAK = YES;
				CLANG_WARN_BLOCK_CAPTURE_AUTORELEASING = YES;
				CLANG_WARN_BOOL_CONVERSION = YES;
				CLANG_WARN_COMMA = YES;
				CLANG_WARN_CONSTANT_CONVERSION = YES;
				CLANG_WARN_DEPRECATED_OBJC_IMPLEMENTATIONS = YES;
				CLANG_WARN_DIRECT_OBJC_ISA_USAGE = YES_ERROR;
				CLANG_WARN_DOCUMENTATION_COMMENTS = YES;
				CLANG_WARN_EMPTY_BODY = YES;
				CLANG_WARN_ENUM_CONVERSION = YES;
				CLANG_WARN_INFINITE_RECURSION = YES;
				CLANG_WARN_INT_CONVERSION = YES;
				CLANG_WARN_NON_LITERAL_NULL_CONVERSION = YES;
				CLANG_WARN_OBJC_IMPLICIT_RETAIN_SELF = YES;
				CLANG_WARN_OBJC_LITERAL_CONVERSION = YES;
				CLANG_WARN_OBJC_ROOT_CLASS = YES_ERROR;
				CLANG_WARN_RANGE_LOOP_ANALYSIS = YES;
				CLANG_WARN_STRICT_PROTOTYPES = YES;
				CLANG_WARN_SUSPICIOUS_MOVE = YES;
				CLANG_WARN_UNGUARDED_AVAILABILITY = YES_AGGRESSIVE;
				CLANG_WARN_UNREACHABLE_CODE = YES;
				CLANG_WARN__DUPLICATE_METHOD_MATCH = YES;
				CODE_SIGN_IDENTITY = "iPhone Developer";
				COPY_PHASE_STRIP = NO;
				DEBUG_INFORMATION_FORMAT = dwarf;
				ENABLE_STRICT_OBJC_MSGSEND = YES;
				ENABLE_TESTABILITY = YES;
				GCC_C_LANGUAGE_STANDARD = gnu11;
				GCC_DYNAMIC_NO_PIC = NO;
				GCC_NO_COMMON_BLOCKS = YES;
				GCC_OPTIMIZATION_LEVEL = 0;
				GCC_PREPROCESSOR_DEFINITIONS = (
					"DEBUG=1",
					"$(inherited)",
				);
				GCC_WARN_64_TO_32_BIT_CONVERSION = YES;
				GCC_WARN_ABOUT_RETURN_TYPE = YES_ERROR;
				GCC_WARN_UNDECLARED_SELECTOR = YES;
				GCC_WARN_UNINITIALIZED_AUTOS = YES_AGGRESSIVE;
				GCC_WARN_UNUSED_FUNCTION = YES;
				GCC_WARN_UNUSED_VARIABLE = YES;
				IPHONEOS_DEPLOYMENT_TARGET = 12.1;
				MTL_ENABLE_DEBUG_INFO = INCLUDE_SOURCE;
				MTL_FAST_MATH = YES;
				ONLY_ACTIVE_ARCH = YES;
				SDKROOT = iphoneos;
				SWIFT_ACTIVE_COMPILATION_CONDITIONS = DEBUG;
				SWIFT_OPTIMIZATION_LEVEL = "-Onone";
			};
			name = Debug;
		};
		3AA3C40F21CEBD450047C453 /* Release */ = {
			isa = XCBuildConfiguration;
			buildSettings = {
				ALWAYS_SEARCH_USER_PATHS = NO;
				CLANG_ANALYZER_NONNULL = YES;
				CLANG_ANALYZER_NUMBER_OBJECT_CONVERSION = YES_AGGRESSIVE;
				CLANG_CXX_LANGUAGE_STANDARD = "gnu++14";
				CLANG_CXX_LIBRARY = "libc++";
				CLANG_ENABLE_MODULES = YES;
				CLANG_ENABLE_OBJC_ARC = YES;
				CLANG_ENABLE_OBJC_WEAK = YES;
				CLANG_WARN_BLOCK_CAPTURE_AUTORELEASING = YES;
				CLANG_WARN_BOOL_CONVERSION = YES;
				CLANG_WARN_COMMA = YES;
				CLANG_WARN_CONSTANT_CONVERSION = YES;
				CLANG_WARN_DEPRECATED_OBJC_IMPLEMENTATIONS = YES;
				CLANG_WARN_DIRECT_OBJC_ISA_USAGE = YES_ERROR;
				CLANG_WARN_DOCUMENTATION_COMMENTS = YES;
				CLANG_WARN_EMPTY_BODY = YES;
				CLANG_WARN_ENUM_CONVERSION = YES;
				CLANG_WARN_INFINITE_RECURSION = YES;
				CLANG_WARN_INT_CONVERSION = YES;
				CLANG_WARN_NON_LITERAL_NULL_CONVERSION = YES;
				CLANG_WARN_OBJC_IMPLICIT_RETAIN_SELF = YES;
				CLANG_WARN_OBJC_LITERAL_CONVERSION = YES;
				CLANG_WARN_OBJC_ROOT_CLASS = YES_ERROR;
				CLANG_WARN_RANGE_LOOP_ANALYSIS = YES;
				CLANG_WARN_STRICT_PROTOTYPES = YES;
				CLANG_WARN_SUSPICIOUS_MOVE = YES;
				CLANG_WARN_UNGUARDED_AVAILABILITY = YES_AGGRESSIVE;
				CLANG_WARN_UNREACHABLE_CODE = YES;
				CLANG_WARN__DUPLICATE_METHOD_MATCH = YES;
				CODE_SIGN_IDENTITY = "iPhone Developer";
				COPY_PHASE_STRIP = NO;
				DEBUG_INFORMATION_FORMAT = "dwarf-with-dsym";
				ENABLE_NS_ASSERTIONS = NO;
				ENABLE_STRICT_OBJC_MSGSEND = YES;
				GCC_C_LANGUAGE_STANDARD = gnu11;
				GCC_NO_COMMON_BLOCKS = YES;
				GCC_WARN_64_TO_32_BIT_CONVERSION = YES;
				GCC_WARN_ABOUT_RETURN_TYPE = YES_ERROR;
				GCC_WARN_UNDECLARED_SELECTOR = YES;
				GCC_WARN_UNINITIALIZED_AUTOS = YES_AGGRESSIVE;
				GCC_WARN_UNUSED_FUNCTION = YES;
				GCC_WARN_UNUSED_VARIABLE = YES;
				IPHONEOS_DEPLOYMENT_TARGET = 12.1;
				MTL_ENABLE_DEBUG_INFO = NO;
				MTL_FAST_MATH = YES;
				SDKROOT = iphoneos;
				SWIFT_COMPILATION_MODE = wholemodule;
				SWIFT_OPTIMIZATION_LEVEL = "-O";
				VALIDATE_PRODUCT = YES;
			};
			name = Release;
		};
		3AA3C41121CEBD450047C453 /* Debug */ = {
			isa = XCBuildConfiguration;
			buildSettings = {
				ASSETCATALOG_COMPILER_APPICON_NAME = AppIcon;
				CODE_SIGN_STYLE = Automatic;
				DEVELOPMENT_TEAM = 84X92G2X4P;
				INFOPLIST_FILE = "Genome Calculator/Info.plist";
				LD_RUNPATH_SEARCH_PATHS = (
					"$(inherited)",
					"@executable_path/Frameworks",
				);
				PRODUCT_BUNDLE_IDENTIFIER = CanBalkaya.GenomeCalculator;
				PRODUCT_NAME = "$(TARGET_NAME)";
				SWIFT_VERSION = 4.2;
				TARGETED_DEVICE_FAMILY = "1,2";
			};
			name = Debug;
		};
		3AA3C41221CEBD450047C453 /* Release */ = {
			isa = XCBuildConfiguration;
			buildSettings = {
				ASSETCATALOG_COMPILER_APPICON_NAME = AppIcon;
				CODE_SIGN_STYLE = Automatic;
				DEVELOPMENT_TEAM = 84X92G2X4P;
				INFOPLIST_FILE = "Genome Calculator/Info.plist";
				LD_RUNPATH_SEARCH_PATHS = (
					"$(inherited)",
					"@executable_path/Frameworks",
				);
				PRODUCT_BUNDLE_IDENTIFIER = CanBalkaya.GenomeCalculator;
				PRODUCT_NAME = "$(TARGET_NAME)";
				SWIFT_VERSION = 4.2;
				TARGETED_DEVICE_FAMILY = "1,2";
			};
			name = Release;
		};
/* End XCBuildConfiguration section */

/* Begin XCConfigurationList section */
		3AA3C3F621CEBD430047C453 /* Build configuration list for PBXProject "Genome Calculator" */ = {
			isa = XCConfigurationList;
			buildConfigurations = (
				3AA3C40E21CEBD450047C453 /* Debug */,
				3AA3C40F21CEBD450047C453 /* Release */,
			);
			defaultConfigurationIsVisible = 0;
			defaultConfigurationName = Release;
		};
		3AA3C41021CEBD450047C453 /* Build configuration list for PBXNativeTarget "Genome Calculator" */ = {
			isa = XCConfigurationList;
			buildConfigurations = (
				3AA3C41121CEBD450047C453 /* Debug */,
				3AA3C41221CEBD450047C453 /* Release */,
			);
			defaultConfigurationIsVisible = 0;
			defaultConfigurationName = Release;
		};
/* End XCConfigurationList section */

/* Begin XCVersionGroup section */
		3AA3C40521CEBD430047C453 /* Genome_Calculator.xcdatamodeld */ = {
			isa = XCVersionGroup;
			children = (
				3AA3C40621CEBD430047C453 /* Genome_Calculator.xcdatamodel */,
			);
			currentVersion = 3AA3C40621CEBD430047C453 /* Genome_Calculator.xcdatamodel */;
			path = Genome_Calculator.xcdatamodeld;
			sourceTree = "<group>";
			versionGroupType = wrapper.xcdatamodel;
		};
/* End XCVersionGroup section */
	};
	rootObject = 3AA3C3F321CEBD430047C453 /* Project object */;
}
